
Microsoft Visual Studio Solution File, Format Version 12.00
# Visual Studio Version 17
VisualStudioVersion = 17.0.31314.41
MinimumVisualStudioVersion = 10.0.40219.1
Project("{9A19103F-16F7-4668-BE54-9A1E7A4F7556}") = "Xunit.StaFact", "src\Xunit.StaFact\Xunit.StaFact.csproj", "{8C500C20-0CD6-4257-A9ED-C571DA6E68D6}"
EndProject
Project("{2150E333-8FDC-42A3-9474-1A3956D46DE8}") = "Solution Items", "Solution Items", "{3DC2EEF3-BA28-4C7A-B4F4-FCA18FBABE99}"
	ProjectSection(SolutionItems) = preProject
		.editorconfig = .editorconfig
		.gitignore = .gitignore
		azure-pipelines.yml = azure-pipelines.yml
		Directory.Build.props = Directory.Build.props
		Directory.Build.targets = Directory.Build.targets
		Directory.Packages.props = Directory.Packages.props
		global.json = global.json
		nuget.config = nuget.config
		README.md = README.md
		version.json = version.json
	EndProjectSection
EndProject
Project("{9A19103F-16F7-4668-BE54-9A1E7A4F7556}") = "Xunit.StaFact.Tests", "test\Xunit.StaFact.Tests\Xunit.StaFact.Tests.csproj", "{9F99EC1E-7FF7-419D-84F7-3CE96D653C2E}"
EndProject
Project("{9A19103F-16F7-4668-BE54-9A1E7A4F7556}") = "Xunit.StaFact.Tests.Mac", "test\Xunit.StaFact.Tests.Mac\Xunit.StaFact.Tests.Mac.csproj", "{077DFB77-0E63-4399-BD0B-4F9D9AC80495}"
EndProject
Project("{2150E333-8FDC-42A3-9474-1A3956D46DE8}") = "src", "src", "{B9635B8C-19E8-4D04-ACA4-A391D558D80A}"
	ProjectSection(SolutionItems) = preProject
		src\.editorconfig = src\.editorconfig
		src\Directory.Build.props = src\Directory.Build.props
		src\Directory.Build.targets = src\Directory.Build.targets
	EndProjectSection
EndProject
Project("{2150E333-8FDC-42A3-9474-1A3956D46DE8}") = "test", "test", "{1E94DC16-537C-4D14-A201-ED3140A994EB}"
	ProjectSection(SolutionItems) = preProject
		test\.editorconfig = test\.editorconfig
		test\Directory.Build.props = test\Directory.Build.props
		test\Directory.Build.targets = test\Directory.Build.targets
	EndProjectSection
EndProject
Project("{FAE04EC0-301F-11D3-BF4B-00C04F79EFBC}") = "Xunit.StaFact.Tests.Windows", "test\Xunit.StaFact.Tests.Windows\Xunit.StaFact.Tests.Windows.csproj", "{FB3F7CC6-D8DC-452D-B0A7-CAC0DCC5E5F1}"
EndProject
Project("{FAE04EC0-301F-11D3-BF4B-00C04F79EFBC}") = "Xunit.StaFact.Tests.WindowsApp", "test\Xunit.StaFact.Tests.WindowsApp\Xunit.StaFact.Tests.WindowsApp.csproj", "{BF934BFC-449C-4397-920C-C48236B4CD0A}"
EndProject
Global
	GlobalSection(SolutionConfigurationPlatforms) = preSolution
		Debug|Any CPU = Debug|Any CPU
		Debug|ARM64 = Debug|ARM64
		Debug|x64 = Debug|x64
		Debug|x86 = Debug|x86
		DebugMac|Any CPU = DebugMac|Any CPU
		DebugMac|ARM64 = DebugMac|ARM64
		DebugMac|x64 = DebugMac|x64
		DebugMac|x86 = DebugMac|x86
		Release|Any CPU = Release|Any CPU
		Release|ARM64 = Release|ARM64
		Release|x64 = Release|x64
		Release|x86 = Release|x86
		ReleaseMac|Any CPU = ReleaseMac|Any CPU
		ReleaseMac|ARM64 = ReleaseMac|ARM64
		ReleaseMac|x64 = ReleaseMac|x64
		ReleaseMac|x86 = ReleaseMac|x86
	EndGlobalSection
	GlobalSection(ProjectConfigurationPlatforms) = postSolution
		{8C500C20-0CD6-4257-A9ED-C571DA6E68D6}.Debug|Any CPU.ActiveCfg = Debug|Any CPU
		{8C500C20-0CD6-4257-A9ED-C571DA6E68D6}.Debug|Any CPU.Build.0 = Debug|Any CPU
		{8C500C20-0CD6-4257-A9ED-C571DA6E68D6}.Debug|ARM64.ActiveCfg = Debug|Any CPU
		{8C500C20-0CD6-4257-A9ED-C571DA6E68D6}.Debug|ARM64.Build.0 = Debug|Any CPU
		{8C500C20-0CD6-4257-A9ED-C571DA6E68D6}.Debug|x64.ActiveCfg = Debug|Any CPU
		{8C500C20-0CD6-4257-A9ED-C571DA6E68D6}.Debug|x64.Build.0 = Debug|Any CPU
		{8C500C20-0CD6-4257-A9ED-C571DA6E68D6}.Debug|x86.ActiveCfg = Debug|Any CPU
		{8C500C20-0CD6-4257-A9ED-C571DA6E68D6}.Debug|x86.Build.0 = Debug|Any CPU
		{8C500C20-0CD6-4257-A9ED-C571DA6E68D6}.DebugMac|Any CPU.ActiveCfg = Debug|Any CPU
		{8C500C20-0CD6-4257-A9ED-C571DA6E68D6}.DebugMac|Any CPU.Build.0 = Debug|Any CPU
		{8C500C20-0CD6-4257-A9ED-C571DA6E68D6}.DebugMac|ARM64.ActiveCfg = Debug|Any CPU
		{8C500C20-0CD6-4257-A9ED-C571DA6E68D6}.DebugMac|ARM64.Build.0 = Debug|Any CPU
		{8C500C20-0CD6-4257-A9ED-C571DA6E68D6}.DebugMac|x64.ActiveCfg = Debug|Any CPU
		{8C500C20-0CD6-4257-A9ED-C571DA6E68D6}.DebugMac|x64.Build.0 = Debug|Any CPU
		{8C500C20-0CD6-4257-A9ED-C571DA6E68D6}.DebugMac|x86.ActiveCfg = Debug|Any CPU
		{8C500C20-0CD6-4257-A9ED-C571DA6E68D6}.DebugMac|x86.Build.0 = Debug|Any CPU
		{8C500C20-0CD6-4257-A9ED-C571DA6E68D6}.Release|Any CPU.ActiveCfg = Release|Any CPU
		{8C500C20-0CD6-4257-A9ED-C571DA6E68D6}.Release|Any CPU.Build.0 = Release|Any CPU
		{8C500C20-0CD6-4257-A9ED-C571DA6E68D6}.Release|ARM64.ActiveCfg = Release|Any CPU
		{8C500C20-0CD6-4257-A9ED-C571DA6E68D6}.Release|ARM64.Build.0 = Release|Any CPU
		{8C500C20-0CD6-4257-A9ED-C571DA6E68D6}.Release|x64.ActiveCfg = Release|Any CPU
		{8C500C20-0CD6-4257-A9ED-C571DA6E68D6}.Release|x64.Build.0 = Release|Any CPU
		{8C500C20-0CD6-4257-A9ED-C571DA6E68D6}.Release|x86.ActiveCfg = Release|Any CPU
		{8C500C20-0CD6-4257-A9ED-C571DA6E68D6}.Release|x86.Build.0 = Release|Any CPU
		{8C500C20-0CD6-4257-A9ED-C571DA6E68D6}.ReleaseMac|Any CPU.ActiveCfg = Release|Any CPU
		{8C500C20-0CD6-4257-A9ED-C571DA6E68D6}.ReleaseMac|Any CPU.Build.0 = Release|Any CPU
		{8C500C20-0CD6-4257-A9ED-C571DA6E68D6}.ReleaseMac|ARM64.ActiveCfg = Release|Any CPU
		{8C500C20-0CD6-4257-A9ED-C571DA6E68D6}.ReleaseMac|ARM64.Build.0 = Release|Any CPU
		{8C500C20-0CD6-4257-A9ED-C571DA6E68D6}.ReleaseMac|x64.ActiveCfg = Release|Any CPU
		{8C500C20-0CD6-4257-A9ED-C571DA6E68D6}.ReleaseMac|x64.Build.0 = Release|Any CPU
		{8C500C20-0CD6-4257-A9ED-C571DA6E68D6}.ReleaseMac|x86.ActiveCfg = Release|Any CPU
		{8C500C20-0CD6-4257-A9ED-C571DA6E68D6}.ReleaseMac|x86.Build.0 = Release|Any CPU
		{9F99EC1E-7FF7-419D-84F7-3CE96D653C2E}.Debug|Any CPU.ActiveCfg = Debug|Any CPU
		{9F99EC1E-7FF7-419D-84F7-3CE96D653C2E}.Debug|Any CPU.Build.0 = Debug|Any CPU
		{9F99EC1E-7FF7-419D-84F7-3CE96D653C2E}.Debug|ARM64.ActiveCfg = Debug|Any CPU
		{9F99EC1E-7FF7-419D-84F7-3CE96D653C2E}.Debug|ARM64.Build.0 = Debug|Any CPU
		{9F99EC1E-7FF7-419D-84F7-3CE96D653C2E}.Debug|x64.ActiveCfg = Debug|Any CPU
		{9F99EC1E-7FF7-419D-84F7-3CE96D653C2E}.Debug|x64.Build.0 = Debug|Any CPU
		{9F99EC1E-7FF7-419D-84F7-3CE96D653C2E}.Debug|x86.ActiveCfg = Debug|Any CPU
		{9F99EC1E-7FF7-419D-84F7-3CE96D653C2E}.Debug|x86.Build.0 = Debug|Any CPU
		{9F99EC1E-7FF7-419D-84F7-3CE96D653C2E}.DebugMac|Any CPU.ActiveCfg = Debug|Any CPU
		{9F99EC1E-7FF7-419D-84F7-3CE96D653C2E}.DebugMac|Any CPU.Build.0 = Debug|Any CPU
		{9F99EC1E-7FF7-419D-84F7-3CE96D653C2E}.DebugMac|ARM64.ActiveCfg = Debug|Any CPU
		{9F99EC1E-7FF7-419D-84F7-3CE96D653C2E}.DebugMac|ARM64.Build.0 = Debug|Any CPU
		{9F99EC1E-7FF7-419D-84F7-3CE96D653C2E}.DebugMac|x64.ActiveCfg = Debug|Any CPU
		{9F99EC1E-7FF7-419D-84F7-3CE96D653C2E}.DebugMac|x64.Build.0 = Debug|Any CPU
		{9F99EC1E-7FF7-419D-84F7-3CE96D653C2E}.DebugMac|x86.ActiveCfg = Debug|Any CPU
		{9F99EC1E-7FF7-419D-84F7-3CE96D653C2E}.DebugMac|x86.Build.0 = Debug|Any CPU
		{9F99EC1E-7FF7-419D-84F7-3CE96D653C2E}.Release|Any CPU.ActiveCfg = Release|Any CPU
		{9F99EC1E-7FF7-419D-84F7-3CE96D653C2E}.Release|Any CPU.Build.0 = Release|Any CPU
		{9F99EC1E-7FF7-419D-84F7-3CE96D653C2E}.Release|ARM64.ActiveCfg = Release|Any CPU
		{9F99EC1E-7FF7-419D-84F7-3CE96D653C2E}.Release|ARM64.Build.0 = Release|Any CPU
		{9F99EC1E-7FF7-419D-84F7-3CE96D653C2E}.Release|x64.ActiveCfg = Release|Any CPU
		{9F99EC1E-7FF7-419D-84F7-3CE96D653C2E}.Release|x64.Build.0 = Release|Any CPU
		{9F99EC1E-7FF7-419D-84F7-3CE96D653C2E}.Release|x86.ActiveCfg = Release|Any CPU
		{9F99EC1E-7FF7-419D-84F7-3CE96D653C2E}.Release|x86.Build.0 = Release|Any CPU
		{9F99EC1E-7FF7-419D-84F7-3CE96D653C2E}.ReleaseMac|Any CPU.ActiveCfg = Release|Any CPU
		{9F99EC1E-7FF7-419D-84F7-3CE96D653C2E}.ReleaseMac|Any CPU.Build.0 = Release|Any CPU
		{9F99EC1E-7FF7-419D-84F7-3CE96D653C2E}.ReleaseMac|ARM64.ActiveCfg = Release|Any CPU
		{9F99EC1E-7FF7-419D-84F7-3CE96D653C2E}.ReleaseMac|ARM64.Build.0 = Release|Any CPU
		{9F99EC1E-7FF7-419D-84F7-3CE96D653C2E}.ReleaseMac|x64.ActiveCfg = Release|Any CPU
		{9F99EC1E-7FF7-419D-84F7-3CE96D653C2E}.ReleaseMac|x64.Build.0 = Release|Any CPU
		{9F99EC1E-7FF7-419D-84F7-3CE96D653C2E}.ReleaseMac|x86.ActiveCfg = Release|Any CPU
		{9F99EC1E-7FF7-419D-84F7-3CE96D653C2E}.ReleaseMac|x86.Build.0 = Release|Any CPU
		{077DFB77-0E63-4399-BD0B-4F9D9AC80495}.Debug|Any CPU.ActiveCfg = Debug|Any CPU
		{077DFB77-0E63-4399-BD0B-4F9D9AC80495}.Debug|ARM64.ActiveCfg = Debug|Any CPU
		{077DFB77-0E63-4399-BD0B-4F9D9AC80495}.Debug|x64.ActiveCfg = Debug|Any CPU
		{077DFB77-0E63-4399-BD0B-4F9D9AC80495}.Debug|x86.ActiveCfg = Debug|Any CPU
		{077DFB77-0E63-4399-BD0B-4F9D9AC80495}.DebugMac|Any CPU.ActiveCfg = Debug|Any CPU
		{077DFB77-0E63-4399-BD0B-4F9D9AC80495}.DebugMac|Any CPU.Build.0 = Debug|Any CPU
		{077DFB77-0E63-4399-BD0B-4F9D9AC80495}.DebugMac|ARM64.ActiveCfg = Debug|Any CPU
		{077DFB77-0E63-4399-BD0B-4F9D9AC80495}.DebugMac|x64.ActiveCfg = Debug|Any CPU
		{077DFB77-0E63-4399-BD0B-4F9D9AC80495}.DebugMac|x86.ActiveCfg = Debug|Any CPU
		{077DFB77-0E63-4399-BD0B-4F9D9AC80495}.Release|Any CPU.ActiveCfg = Release|Any CPU
		{077DFB77-0E63-4399-BD0B-4F9D9AC80495}.Release|ARM64.ActiveCfg = Release|Any CPU
		{077DFB77-0E63-4399-BD0B-4F9D9AC80495}.Release|x64.ActiveCfg = Release|Any CPU
		{077DFB77-0E63-4399-BD0B-4F9D9AC80495}.Release|x86.ActiveCfg = Release|Any CPU
		{077DFB77-0E63-4399-BD0B-4F9D9AC80495}.ReleaseMac|Any CPU.ActiveCfg = Release|Any CPU
		{077DFB77-0E63-4399-BD0B-4F9D9AC80495}.ReleaseMac|Any CPU.Build.0 = Release|Any CPU
		{077DFB77-0E63-4399-BD0B-4F9D9AC80495}.ReleaseMac|ARM64.ActiveCfg = Release|Any CPU
		{077DFB77-0E63-4399-BD0B-4F9D9AC80495}.ReleaseMac|x64.ActiveCfg = Release|Any CPU
		{077DFB77-0E63-4399-BD0B-4F9D9AC80495}.ReleaseMac|x86.ActiveCfg = Release|Any CPU
		{FB3F7CC6-D8DC-452D-B0A7-CAC0DCC5E5F1}.Debug|Any CPU.ActiveCfg = Debug|Any CPU
		{FB3F7CC6-D8DC-452D-B0A7-CAC0DCC5E5F1}.Debug|Any CPU.Build.0 = Debug|Any CPU
		{FB3F7CC6-D8DC-452D-B0A7-CAC0DCC5E5F1}.Debug|ARM64.ActiveCfg = Debug|Any CPU
		{FB3F7CC6-D8DC-452D-B0A7-CAC0DCC5E5F1}.Debug|ARM64.Build.0 = Debug|Any CPU
		{FB3F7CC6-D8DC-452D-B0A7-CAC0DCC5E5F1}.Debug|x64.ActiveCfg = Debug|Any CPU
		{FB3F7CC6-D8DC-452D-B0A7-CAC0DCC5E5F1}.Debug|x64.Build.0 = Debug|Any CPU
		{FB3F7CC6-D8DC-452D-B0A7-CAC0DCC5E5F1}.Debug|x86.ActiveCfg = Debug|Any CPU
		{FB3F7CC6-D8DC-452D-B0A7-CAC0DCC5E5F1}.Debug|x86.Build.0 = Debug|Any CPU
		{FB3F7CC6-D8DC-452D-B0A7-CAC0DCC5E5F1}.DebugMac|Any CPU.ActiveCfg = Debug|Any CPU
		{FB3F7CC6-D8DC-452D-B0A7-CAC0DCC5E5F1}.DebugMac|Any CPU.Build.0 = Debug|Any CPU
		{FB3F7CC6-D8DC-452D-B0A7-CAC0DCC5E5F1}.DebugMac|ARM64.ActiveCfg = Debug|Any CPU
		{FB3F7CC6-D8DC-452D-B0A7-CAC0DCC5E5F1}.DebugMac|ARM64.Build.0 = Debug|Any CPU
		{FB3F7CC6-D8DC-452D-B0A7-CAC0DCC5E5F1}.DebugMac|x64.ActiveCfg = Debug|Any CPU
		{FB3F7CC6-D8DC-452D-B0A7-CAC0DCC5E5F1}.DebugMac|x64.Build.0 = Debug|Any CPU
		{FB3F7CC6-D8DC-452D-B0A7-CAC0DCC5E5F1}.DebugMac|x86.ActiveCfg = Debug|Any CPU
		{FB3F7CC6-D8DC-452D-B0A7-CAC0DCC5E5F1}.DebugMac|x86.Build.0 = Debug|Any CPU
		{FB3F7CC6-D8DC-452D-B0A7-CAC0DCC5E5F1}.Release|Any CPU.ActiveCfg = Release|Any CPU
		{FB3F7CC6-D8DC-452D-B0A7-CAC0DCC5E5F1}.Release|Any CPU.Build.0 = Release|Any CPU
		{FB3F7CC6-D8DC-452D-B0A7-CAC0DCC5E5F1}.Release|ARM64.ActiveCfg = Release|Any CPU
		{FB3F7CC6-D8DC-452D-B0A7-CAC0DCC5E5F1}.Release|ARM64.Build.0 = Release|Any CPU
		{FB3F7CC6-D8DC-452D-B0A7-CAC0DCC5E5F1}.Release|x64.ActiveCfg = Release|Any CPU
		{FB3F7CC6-D8DC-452D-B0A7-CAC0DCC5E5F1}.Release|x64.Build.0 = Release|Any CPU
		{FB3F7CC6-D8DC-452D-B0A7-CAC0DCC5E5F1}.Release|x86.ActiveCfg = Release|Any CPU
		{FB3F7CC6-D8DC-452D-B0A7-CAC0DCC5E5F1}.Release|x86.Build.0 = Release|Any CPU
		{FB3F7CC6-D8DC-452D-B0A7-CAC0DCC5E5F1}.ReleaseMac|Any CPU.ActiveCfg = Release|Any CPU
		{FB3F7CC6-D8DC-452D-B0A7-CAC0DCC5E5F1}.ReleaseMac|Any CPU.Build.0 = Release|Any CPU
		{FB3F7CC6-D8DC-452D-B0A7-CAC0DCC5E5F1}.ReleaseMac|ARM64.ActiveCfg = Release|Any CPU
		{FB3F7CC6-D8DC-452D-B0A7-CAC0DCC5E5F1}.ReleaseMac|ARM64.Build.0 = Release|Any CPU
		{FB3F7CC6-D8DC-452D-B0A7-CAC0DCC5E5F1}.ReleaseMac|x64.ActiveCfg = Release|Any CPU
		{FB3F7CC6-D8DC-452D-B0A7-CAC0DCC5E5F1}.ReleaseMac|x64.Build.0 = Release|Any CPU
		{FB3F7CC6-D8DC-452D-B0A7-CAC0DCC5E5F1}.ReleaseMac|x86.ActiveCfg = Release|Any CPU
		{FB3F7CC6-D8DC-452D-B0A7-CAC0DCC5E5F1}.ReleaseMac|x86.Build.0 = Release|Any CPU
		{BF934BFC-449C-4397-920C-C48236B4CD0A}.Debug|Any CPU.ActiveCfg = Debug|x64
		{BF934BFC-449C-4397-920C-C48236B4CD0A}.Debug|Any CPU.Build.0 = Debug|x64
		{BF934BFC-449C-4397-920C-C48236B4CD0A}.Debug|Any CPU.Deploy.0 = Debug|x64
		{BF934BFC-449C-4397-920C-C48236B4CD0A}.Debug|ARM64.ActiveCfg = Debug|ARM64
		{BF934BFC-449C-4397-920C-C48236B4CD0A}.Debug|ARM64.Build.0 = Debug|ARM64
		{BF934BFC-449C-4397-920C-C48236B4CD0A}.Debug|ARM64.Deploy.0 = Debug|ARM64
		{BF934BFC-449C-4397-920C-C48236B4CD0A}.Debug|x64.ActiveCfg = Debug|x64
		{BF934BFC-449C-4397-920C-C48236B4CD0A}.Debug|x64.Build.0 = Debug|x64
		{BF934BFC-449C-4397-920C-C48236B4CD0A}.Debug|x64.Deploy.0 = Debug|x64
		{BF934BFC-449C-4397-920C-C48236B4CD0A}.Debug|x86.ActiveCfg = Debug|x86
		{BF934BFC-449C-4397-920C-C48236B4CD0A}.Debug|x86.Build.0 = Debug|x86
		{BF934BFC-449C-4397-920C-C48236B4CD0A}.Debug|x86.Deploy.0 = Debug|x86
		{BF934BFC-449C-4397-920C-C48236B4CD0A}.DebugMac|Any CPU.ActiveCfg = Debug|x64
		{BF934BFC-449C-4397-920C-C48236B4CD0A}.DebugMac|Any CPU.Build.0 = Debug|x64
		{BF934BFC-449C-4397-920C-C48236B4CD0A}.DebugMac|Any CPU.Deploy.0 = Debug|x64
		{BF934BFC-449C-4397-920C-C48236B4CD0A}.DebugMac|ARM64.ActiveCfg = Debug|ARM64
		{BF934BFC-449C-4397-920C-C48236B4CD0A}.DebugMac|ARM64.Build.0 = Debug|ARM64
		{BF934BFC-449C-4397-920C-C48236B4CD0A}.DebugMac|ARM64.Deploy.0 = Debug|ARM64
		{BF934BFC-449C-4397-920C-C48236B4CD0A}.DebugMac|x64.ActiveCfg = Debug|x64
		{BF934BFC-449C-4397-920C-C48236B4CD0A}.DebugMac|x64.Build.0 = Debug|x64
		{BF934BFC-449C-4397-920C-C48236B4CD0A}.DebugMac|x64.Deploy.0 = Debug|x64
		{BF934BFC-449C-4397-920C-C48236B4CD0A}.DebugMac|x86.ActiveCfg = Debug|x86
		{BF934BFC-449C-4397-920C-C48236B4CD0A}.DebugMac|x86.Build.0 = Debug|x86
		{BF934BFC-449C-4397-920C-C48236B4CD0A}.DebugMac|x86.Deploy.0 = Debug|x86
		{BF934BFC-449C-4397-920C-C48236B4CD0A}.Release|Any CPU.ActiveCfg = Release|x64
		{BF934BFC-449C-4397-920C-C48236B4CD0A}.Release|Any CPU.Build.0 = Release|x64
		{BF934BFC-449C-4397-920C-C48236B4CD0A}.Release|Any CPU.Deploy.0 = Release|x64
		{BF934BFC-449C-4397-920C-C48236B4CD0A}.Release|ARM64.ActiveCfg = Release|ARM64
		{BF934BFC-449C-4397-920C-C48236B4CD0A}.Release|ARM64.Build.0 = Release|ARM64
		{BF934BFC-449C-4397-920C-C48236B4CD0A}.Release|ARM64.Deploy.0 = Release|ARM64
		{BF934BFC-449C-4397-920C-C48236B4CD0A}.Release|x64.ActiveCfg = Release|x64
		{BF934BFC-449C-4397-920C-C48236B4CD0A}.Release|x64.Build.0 = Release|x64
		{BF934BFC-449C-4397-920C-C48236B4CD0A}.Release|x64.Deploy.0 = Release|x64
		{BF934BFC-449C-4397-920C-C48236B4CD0A}.Release|x86.ActiveCfg = Release|x86
		{BF934BFC-449C-4397-920C-C48236B4CD0A}.Release|x86.Build.0 = Release|x86
		{BF934BFC-449C-4397-920C-C48236B4CD0A}.Release|x86.Deploy.0 = Release|x86
		{BF934BFC-449C-4397-920C-C48236B4CD0A}.ReleaseMac|Any CPU.ActiveCfg = Release|x64
		{BF934BFC-449C-4397-920C-C48236B4CD0A}.ReleaseMac|Any CPU.Build.0 = Release|x64
		{BF934BFC-449C-4397-920C-C48236B4CD0A}.ReleaseMac|Any CPU.Deploy.0 = Release|x64
		{BF934BFC-449C-4397-920C-C48236B4CD0A}.ReleaseMac|ARM64.ActiveCfg = Release|ARM64
		{BF934BFC-449C-4397-920C-C48236B4CD0A}.ReleaseMac|ARM64.Build.0 = Release|ARM64
		{BF934BFC-449C-4397-920C-C48236B4CD0A}.ReleaseMac|ARM64.Deploy.0 = Release|ARM64
		{BF934BFC-449C-4397-920C-C48236B4CD0A}.ReleaseMac|x64.ActiveCfg = Release|x64
		{BF934BFC-449C-4397-920C-C48236B4CD0A}.ReleaseMac|x64.Build.0 = Release|x64
		{BF934BFC-449C-4397-920C-C48236B4CD0A}.ReleaseMac|x64.Deploy.0 = Release|x64
		{BF934BFC-449C-4397-920C-C48236B4CD0A}.ReleaseMac|x86.ActiveCfg = Release|x86
		{BF934BFC-449C-4397-920C-C48236B4CD0A}.ReleaseMac|x86.Build.0 = Release|x86
		{BF934BFC-449C-4397-920C-C48236B4CD0A}.ReleaseMac|x86.Deploy.0 = Release|x86
	EndGlobalSection
	GlobalSection(SolutionProperties) = preSolution
		HideSolutionNode = FALSE
	EndGlobalSection
	GlobalSection(NestedProjects) = preSolution
		{8C500C20-0CD6-4257-A9ED-C571DA6E68D6} = {B9635B8C-19E8-4D04-ACA4-A391D558D80A}
		{9F99EC1E-7FF7-419D-84F7-3CE96D653C2E} = {1E94DC16-537C-4D14-A201-ED3140A994EB}
		{077DFB77-0E63-4399-BD0B-4F9D9AC80495} = {1E94DC16-537C-4D14-A201-ED3140A994EB}
		{FB3F7CC6-D8DC-452D-B0A7-CAC0DCC5E5F1} = {1E94DC16-537C-4D14-A201-ED3140A994EB}
		{BF934BFC-449C-4397-920C-C48236B4CD0A} = {1E94DC16-537C-4D14-A201-ED3140A994EB}
	EndGlobalSection
	GlobalSection(ExtensibilityGlobals) = postSolution
		SolutionGuid = {DA3510A0-C12F-4470-B8A6-197F0D32CB7C}
	EndGlobalSection
EndGlobal
